
Microsoft Visual Studio Solution File, Format Version 12.00
# Visual Studio Version 16
VisualStudioVersion = 16.0.31613.86
MinimumVisualStudioVersion = 10.0.40219.1
Project("{8BC9CEB8-8B4A-11D0-8D11-00A0C91BC942}") = "voxel-engine", "voxel-engine\voxel-engine.vcxproj", "{296F80F6-8ADE-4093-94BC-5D00C2BF79E3}"
EndProject
Global
	GlobalSection(SolutionConfigurationPlatforms) = preSolution
		Debug|x64 = Debug|x64
		Debug|x86 = Debug|x86
		Release|x64 = Release|x64
		Release|x86 = Release|x86
	EndGlobalSection
	GlobalSection(ProjectConfigurationPlatforms) = postSolution
		{296F80F6-8ADE-4093-94BC-5D00C2BF79E3}.Debug|x64.ActiveCfg = Debug|x64
		{296F80F6-8ADE-4093-94BC-5D00C2BF79E3}.Debug|x64.Build.0 = Debug|x64
		{296F80F6-8ADE-4093-94BC-5D00C2BF79E3}.Debug|x86.ActiveCfg = Debug|Win32
		{296F80F6-8ADE-4093-94BC-5D00C2BF79E3}.Debug|x86.Build.0 = Debug|Win32
		{296F80F6-8ADE-4093-94BC-5D00C2BF79E3}.Release|x64.ActiveCfg = Release|x64
		{296F80F6-8ADE-4093-94BC-5D00C2BF79E3}.Release|x64.Build.0 = Release|x64
		{296F80F6-8ADE-4093-94BC-5D00C2BF79E3}.Release|x86.ActiveCfg = Release|Win32
		{296F80F6-8ADE-4093-94BC-5D00C2BF79E3}.Release|x86.Build.0 = Release|Win32
	EndGlobalSection
	GlobalSection(SolutionProperties) = preSolution
		HideSolutionNode = FALSE
	EndGlobalSection
	GlobalSection(ExtensibilityGlobals) = postSolution
		SolutionGuid = {0F80083D-7F75-47E1-9179-C3C4C5A4BD4F}
	EndGlobalSection
EndGlobal
